// !$*UTF8*$!
{
	archiveVersion = 1;
	classes = {
	};
	objectVersion = 46;
	objects = {

/* Begin PBXBuildFile section */
		455627651661BED000E1EF70 /* allergy_free_menu.png in Resources */ = {isa = PBXBuildFile; fileRef = 455627631661BED000E1EF70 /* allergy_free_menu.png */; };
		455627661661BED000E1EF70 /* full_menu.png in Resources */ = {isa = PBXBuildFile; fileRef = 455627641661BED000E1EF70 /* full_menu.png */; };
		457C645A15C4C148002D5774 /* UIKit.framework in Frameworks */ = {isa = PBXBuildFile; fileRef = 457C645915C4C148002D5774 /* UIKit.framework */; };
		457C645C15C4C148002D5774 /* Foundation.framework in Frameworks */ = {isa = PBXBuildFile; fileRef = 457C645B15C4C148002D5774 /* Foundation.framework */; };
		457C645E15C4C148002D5774 /* CoreGraphics.framework in Frameworks */ = {isa = PBXBuildFile; fileRef = 457C645D15C4C148002D5774 /* CoreGraphics.framework */; };
		457C646415C4C148002D5774 /* InfoPlist.strings in Resources */ = {isa = PBXBuildFile; fileRef = 457C646215C4C148002D5774 /* InfoPlist.strings */; };
		457C646615C4C148002D5774 /* main.m in Sources */ = {isa = PBXBuildFile; fileRef = 457C646515C4C148002D5774 /* main.m */; };
		457C646A15C4C148002D5774 /* AppDelegate.m in Sources */ = {isa = PBXBuildFile; fileRef = 457C646915C4C148002D5774 /* AppDelegate.m */; };
		457C646D15C4C148002D5774 /* MainStoryboard.storyboard in Resources */ = {isa = PBXBuildFile; fileRef = 457C646B15C4C148002D5774 /* MainStoryboard.storyboard */; };
		457C648715C5000E002D5774 /* RootViewController.m in Sources */ = {isa = PBXBuildFile; fileRef = 457C648615C5000D002D5774 /* RootViewController.m */; };
		457DFD6D15CE30DA006E1BAA /* NSArray+JsonCategories.m in Sources */ = {isa = PBXBuildFile; fileRef = 457DFD6C15CE30DA006E1BAA /* NSArray+JsonCategories.m */; };
		457DFD7415CEC8D6006E1BAA /* IconDownloader.m in Sources */ = {isa = PBXBuildFile; fileRef = 457DFD7315CEC8D6006E1BAA /* IconDownloader.m */; };
		457DFD7815CED7CD006E1BAA /* Restaurant.m in Sources */ = {isa = PBXBuildFile; fileRef = 457DFD7715CED7CD006E1BAA /* Restaurant.m */; };
		458018BD15D80BD500BBF449 /* RestaurantMenuViewController.m in Sources */ = {isa = PBXBuildFile; fileRef = 458018BC15D80BD500BBF449 /* RestaurantMenuViewController.m */; };
		458018CC15D81D3600BBF449 /* RestaurantMenuItem.m in Sources */ = {isa = PBXBuildFile; fileRef = 458018CB15D81D3600BBF449 /* RestaurantMenuItem.m */; };
		45CF90C6160BEA6C002EEC81 /* Icon57x57.png in Resources */ = {isa = PBXBuildFile; fileRef = 45CF90C5160BEA6B002EEC81 /* Icon57x57.png */; };
		45CF90C8160BEA72002EEC81 /* Icon114x114.png in Resources */ = {isa = PBXBuildFile; fileRef = 45CF90C7160BEA72002EEC81 /* Icon114x114.png */; };
		45CF90CA160BEA8F002EEC81 /* Default.png in Resources */ = {isa = PBXBuildFile; fileRef = 45CF90C9160BEA8F002EEC81 /* Default.png */; };
		45CF90CC160BEA95002EEC81 /* Default@2x.png in Resources */ = {isa = PBXBuildFile; fileRef = 45CF90CB160BEA95002EEC81 /* Default@2x.png */; };
		45D8C5DD15D8794A003046F3 /* UIColor-Extended.m in Sources */ = {isa = PBXBuildFile; fileRef = 45D8C5DC15D8794A003046F3 /* UIColor-Extended.m */; };
		45D8C5E215D88BA0003046F3 /* QuartzCore.framework in Frameworks */ = {isa = PBXBuildFile; fileRef = 45D8C5E115D88BA0003046F3 /* QuartzCore.framework */; };
		45D8C5E915E0A194003046F3 /* RestaurantMenuItemViewController.m in Sources */ = {isa = PBXBuildFile; fileRef = 45D8C5E815E0A194003046F3 /* RestaurantMenuItemViewController.m */; };
		45D8C5ED15E0A2DE003046F3 /* RestaurantMenuItemIngredient.m in Sources */ = {isa = PBXBuildFile; fileRef = 45D8C5EC15E0A2DE003046F3 /* RestaurantMenuItemIngredient.m */; };
		45EA430F15F41FEA00515571 /* AllergiesViewController.m in Sources */ = {isa = PBXBuildFile; fileRef = 45EA430E15F41FEA00515571 /* AllergiesViewController.m */; };
		45EA431315F4428C00515571 /* Allergen.m in Sources */ = {isa = PBXBuildFile; fileRef = 45EA431215F4428C00515571 /* Allergen.m */; };
/* End PBXBuildFile section */

/* Begin PBXFileReference section */
		455627631661BED000E1EF70 /* allergy_free_menu.png */ = {isa = PBXFileReference; lastKnownFileType = image.png; name = allergy_free_menu.png; path = ../../../Desktop/allergy_free_menu.png; sourceTree = "<group>"; };
		455627641661BED000E1EF70 /* full_menu.png */ = {isa = PBXFileReference; lastKnownFileType = image.png; name = full_menu.png; path = ../../../Desktop/full_menu.png; sourceTree = "<group>"; };
		457C645515C4C148002D5774 /* Hold the Allergen.app */ = {isa = PBXFileReference; explicitFileType = wrapper.application; includeInIndex = 0; path = "Hold the Allergen.app"; sourceTree = BUILT_PRODUCTS_DIR; };
		457C645915C4C148002D5774 /* UIKit.framework */ = {isa = PBXFileReference; lastKnownFileType = wrapper.framework; name = UIKit.framework; path = System/Library/Frameworks/UIKit.framework; sourceTree = SDKROOT; };
		457C645B15C4C148002D5774 /* Foundation.framework */ = {isa = PBXFileReference; lastKnownFileType = wrapper.framework; name = Foundation.framework; path = System/Library/Frameworks/Foundation.framework; sourceTree = SDKROOT; };
		457C645D15C4C148002D5774 /* CoreGraphics.framework */ = {isa = PBXFileReference; lastKnownFileType = wrapper.framework; name = CoreGraphics.framework; path = System/Library/Frameworks/CoreGraphics.framework; sourceTree = SDKROOT; };
		457C646115C4C148002D5774 /* HoldTheAllergen-Info.plist */ = {isa = PBXFileReference; lastKnownFileType = text.plist.xml; path = "HoldTheAllergen-Info.plist"; sourceTree = "<group>"; };
		457C646315C4C148002D5774 /* en */ = {isa = PBXFileReference; lastKnownFileType = text.plist.strings; name = en; path = en.lproj/InfoPlist.strings; sourceTree = "<group>"; };
		457C646515C4C148002D5774 /* main.m */ = {isa = PBXFileReference; lastKnownFileType = sourcecode.c.objc; path = main.m; sourceTree = "<group>"; };
		457C646715C4C148002D5774 /* HoldTheAllergen-Prefix.pch */ = {isa = PBXFileReference; lastKnownFileType = sourcecode.c.h; path = "HoldTheAllergen-Prefix.pch"; sourceTree = "<group>"; };
		457C646815C4C148002D5774 /* AppDelegate.h */ = {isa = PBXFileReference; lastKnownFileType = sourcecode.c.h; path = AppDelegate.h; sourceTree = "<group>"; };
		457C646915C4C148002D5774 /* AppDelegate.m */ = {isa = PBXFileReference; lastKnownFileType = sourcecode.c.objc; path = AppDelegate.m; sourceTree = "<group>"; };
		457C646C15C4C148002D5774 /* en */ = {isa = PBXFileReference; lastKnownFileType = file.storyboard; name = en; path = en.lproj/MainStoryboard.storyboard; sourceTree = "<group>"; };
		457C648515C5000D002D5774 /* RootViewController.h */ = {isa = PBXFileReference; fileEncoding = 4; lastKnownFileType = sourcecode.c.h; path = RootViewController.h; sourceTree = "<group>"; };
		457C648615C5000D002D5774 /* RootViewController.m */ = {isa = PBXFileReference; fileEncoding = 4; lastKnownFileType = sourcecode.c.objc; path = RootViewController.m; sourceTree = "<group>"; };
		457DFD6B15CE30D9006E1BAA /* NSArray+JsonCategories.h */ = {isa = PBXFileReference; fileEncoding = 4; lastKnownFileType = sourcecode.c.h; path = "NSArray+JsonCategories.h"; sourceTree = "<group>"; };
		457DFD6C15CE30DA006E1BAA /* NSArray+JsonCategories.m */ = {isa = PBXFileReference; fileEncoding = 4; lastKnownFileType = sourcecode.c.objc; path = "NSArray+JsonCategories.m"; sourceTree = "<group>"; };
		457DFD7215CEC8D5006E1BAA /* IconDownloader.h */ = {isa = PBXFileReference; fileEncoding = 4; lastKnownFileType = sourcecode.c.h; path = IconDownloader.h; sourceTree = "<group>"; };
		457DFD7315CEC8D6006E1BAA /* IconDownloader.m */ = {isa = PBXFileReference; fileEncoding = 4; lastKnownFileType = sourcecode.c.objc; path = IconDownloader.m; sourceTree = "<group>"; };
		457DFD7615CED7CD006E1BAA /* Restaurant.h */ = {isa = PBXFileReference; fileEncoding = 4; lastKnownFileType = sourcecode.c.h; path = Restaurant.h; sourceTree = "<group>"; };
		457DFD7715CED7CD006E1BAA /* Restaurant.m */ = {isa = PBXFileReference; fileEncoding = 4; lastKnownFileType = sourcecode.c.objc; path = Restaurant.m; sourceTree = "<group>"; };
		458018BB15D80BD500BBF449 /* RestaurantMenuViewController.h */ = {isa = PBXFileReference; fileEncoding = 4; lastKnownFileType = sourcecode.c.h; path = RestaurantMenuViewController.h; sourceTree = "<group>"; };
		458018BC15D80BD500BBF449 /* RestaurantMenuViewController.m */ = {isa = PBXFileReference; fileEncoding = 4; lastKnownFileType = sourcecode.c.objc; path = RestaurantMenuViewController.m; sourceTree = "<group>"; };
		458018CA15D81D3600BBF449 /* RestaurantMenuItem.h */ = {isa = PBXFileReference; fileEncoding = 4; lastKnownFileType = sourcecode.c.h; path = RestaurantMenuItem.h; sourceTree = "<group>"; };
		458018CB15D81D3600BBF449 /* RestaurantMenuItem.m */ = {isa = PBXFileReference; fileEncoding = 4; lastKnownFileType = sourcecode.c.objc; path = RestaurantMenuItem.m; sourceTree = "<group>"; };
		45CF90C5160BEA6B002EEC81 /* Icon57x57.png */ = {isa = PBXFileReference; lastKnownFileType = image.png; name = Icon57x57.png; path = ../Icon57x57.png; sourceTree = "<group>"; };
		45CF90C7160BEA72002EEC81 /* Icon114x114.png */ = {isa = PBXFileReference; lastKnownFileType = image.png; name = Icon114x114.png; path = ../Icon114x114.png; sourceTree = "<group>"; };
		45CF90C9160BEA8F002EEC81 /* Default.png */ = {isa = PBXFileReference; lastKnownFileType = image.png; name = Default.png; path = ../Default.png; sourceTree = "<group>"; };
		45CF90CB160BEA95002EEC81 /* Default@2x.png */ = {isa = PBXFileReference; lastKnownFileType = image.png; name = "Default@2x.png"; path = "../Default@2x.png"; sourceTree = "<group>"; };
		45D8C5DB15D8794A003046F3 /* UIColor-Extended.h */ = {isa = PBXFileReference; fileEncoding = 4; lastKnownFileType = sourcecode.c.h; path = "UIColor-Extended.h"; sourceTree = "<group>"; };
		45D8C5DC15D8794A003046F3 /* UIColor-Extended.m */ = {isa = PBXFileReference; fileEncoding = 4; lastKnownFileType = sourcecode.c.objc; path = "UIColor-Extended.m"; sourceTree = "<group>"; };
		45D8C5E115D88BA0003046F3 /* QuartzCore.framework */ = {isa = PBXFileReference; lastKnownFileType = wrapper.framework; name = QuartzCore.framework; path = System/Library/Frameworks/QuartzCore.framework; sourceTree = SDKROOT; };
		45D8C5E715E0A194003046F3 /* RestaurantMenuItemViewController.h */ = {isa = PBXFileReference; fileEncoding = 4; lastKnownFileType = sourcecode.c.h; path = RestaurantMenuItemViewController.h; sourceTree = "<group>"; };
		45D8C5E815E0A194003046F3 /* RestaurantMenuItemViewController.m */ = {isa = PBXFileReference; fileEncoding = 4; lastKnownFileType = sourcecode.c.objc; path = RestaurantMenuItemViewController.m; sourceTree = "<group>"; };
		45D8C5EB15E0A2DE003046F3 /* RestaurantMenuItemIngredient.h */ = {isa = PBXFileReference; fileEncoding = 4; lastKnownFileType = sourcecode.c.h; path = RestaurantMenuItemIngredient.h; sourceTree = "<group>"; };
		45D8C5EC15E0A2DE003046F3 /* RestaurantMenuItemIngredient.m */ = {isa = PBXFileReference; fileEncoding = 4; lastKnownFileType = sourcecode.c.objc; path = RestaurantMenuItemIngredient.m; sourceTree = "<group>"; };
		45EA430D15F41FEA00515571 /* AllergiesViewController.h */ = {isa = PBXFileReference; fileEncoding = 4; lastKnownFileType = sourcecode.c.h; path = AllergiesViewController.h; sourceTree = "<group>"; };
		45EA430E15F41FEA00515571 /* AllergiesViewController.m */ = {isa = PBXFileReference; fileEncoding = 4; lastKnownFileType = sourcecode.c.objc; path = AllergiesViewController.m; sourceTree = "<group>"; };
		45EA431115F4428C00515571 /* Allergen.h */ = {isa = PBXFileReference; fileEncoding = 4; lastKnownFileType = sourcecode.c.h; path = Allergen.h; sourceTree = "<group>"; };
		45EA431215F4428C00515571 /* Allergen.m */ = {isa = PBXFileReference; fileEncoding = 4; lastKnownFileType = sourcecode.c.objc; path = Allergen.m; sourceTree = "<group>"; };
/* End PBXFileReference section */

/* Begin PBXFrameworksBuildPhase section */
		457C645215C4C148002D5774 /* Frameworks */ = {
			isa = PBXFrameworksBuildPhase;
			buildActionMask = 2147483647;
			files = (
				45D8C5E215D88BA0003046F3 /* QuartzCore.framework in Frameworks */,
				457C645A15C4C148002D5774 /* UIKit.framework in Frameworks */,
				457C645C15C4C148002D5774 /* Foundation.framework in Frameworks */,
				457C645E15C4C148002D5774 /* CoreGraphics.framework in Frameworks */,
			);
			runOnlyForDeploymentPostprocessing = 0;
		};
/* End PBXFrameworksBuildPhase section */

/* Begin PBXGroup section */
		457C644A15C4C148002D5774 = {
			isa = PBXGroup;
			children = (
				457C645F15C4C148002D5774 /* HoldTheAllergen */,
				457C645815C4C148002D5774 /* Frameworks */,
				457C645615C4C148002D5774 /* Products */,
			);
			sourceTree = "<group>";
		};
		457C645615C4C148002D5774 /* Products */ = {
			isa = PBXGroup;
			children = (
				457C645515C4C148002D5774 /* Hold the Allergen.app */,
			);
			name = Products;
			sourceTree = "<group>";
		};
		457C645815C4C148002D5774 /* Frameworks */ = {
			isa = PBXGroup;
			children = (
				45D8C5E115D88BA0003046F3 /* QuartzCore.framework */,
				457C645915C4C148002D5774 /* UIKit.framework */,
				457C645B15C4C148002D5774 /* Foundation.framework */,
				457C645D15C4C148002D5774 /* CoreGraphics.framework */,
			);
			name = Frameworks;
			sourceTree = "<group>";
		};
		457C645F15C4C148002D5774 /* HoldTheAllergen */ = {
			isa = PBXGroup;
			children = (
				458018BE15D80BDC00BBF449 /* Controllers */,
				458018C915D81CD400BBF449 /* Models */,
				4582563A15D21958005977F2 /* Resources */,
				457DFD7515CED7B1006E1BAA /* Classes */,
				457C646015C4C148002D5774 /* Supporting Files */,
				457C646815C4C148002D5774 /* AppDelegate.h */,
				457C646915C4C148002D5774 /* AppDelegate.m */,
			);
			path = HoldTheAllergen;
			sourceTree = "<group>";
		};
		457C646015C4C148002D5774 /* Supporting Files */ = {
			isa = PBXGroup;
			children = (
				457C646115C4C148002D5774 /* HoldTheAllergen-Info.plist */,
				457C646215C4C148002D5774 /* InfoPlist.strings */,
				457C646515C4C148002D5774 /* main.m */,
				457C646715C4C148002D5774 /* HoldTheAllergen-Prefix.pch */,
			);
			name = "Supporting Files";
			sourceTree = "<group>";
		};
		457DFD7515CED7B1006E1BAA /* Classes */ = {
			isa = PBXGroup;
			children = (
				457DFD6B15CE30D9006E1BAA /* NSArray+JsonCategories.h */,
				457DFD6C15CE30DA006E1BAA /* NSArray+JsonCategories.m */,
				457DFD7215CEC8D5006E1BAA /* IconDownloader.h */,
				457DFD7315CEC8D6006E1BAA /* IconDownloader.m */,
				45D8C5DB15D8794A003046F3 /* UIColor-Extended.h */,
				45D8C5DC15D8794A003046F3 /* UIColor-Extended.m */,
			);
			name = Classes;
			sourceTree = "<group>";
		};
		458018BE15D80BDC00BBF449 /* Controllers */ = {
			isa = PBXGroup;
			children = (
				457C648515C5000D002D5774 /* RootViewController.h */,
				457C648615C5000D002D5774 /* RootViewController.m */,
				458018BB15D80BD500BBF449 /* RestaurantMenuViewController.h */,
				458018BC15D80BD500BBF449 /* RestaurantMenuViewController.m */,
				45D8C5E715E0A194003046F3 /* RestaurantMenuItemViewController.h */,
				45D8C5E815E0A194003046F3 /* RestaurantMenuItemViewController.m */,
				45EA430D15F41FEA00515571 /* AllergiesViewController.h */,
				45EA430E15F41FEA00515571 /* AllergiesViewController.m */,
			);
			name = Controllers;
			sourceTree = "<group>";
		};
		458018C915D81CD400BBF449 /* Models */ = {
			isa = PBXGroup;
			children = (
				457DFD7615CED7CD006E1BAA /* Restaurant.h */,
				457DFD7715CED7CD006E1BAA /* Restaurant.m */,
				458018CA15D81D3600BBF449 /* RestaurantMenuItem.h */,
				458018CB15D81D3600BBF449 /* RestaurantMenuItem.m */,
				45D8C5EB15E0A2DE003046F3 /* RestaurantMenuItemIngredient.h */,
				45D8C5EC15E0A2DE003046F3 /* RestaurantMenuItemIngredient.m */,
				45EA431115F4428C00515571 /* Allergen.h */,
				45EA431215F4428C00515571 /* Allergen.m */,
			);
			name = Models;
			sourceTree = "<group>";
		};
		4582563A15D21958005977F2 /* Resources */ = {
			isa = PBXGroup;
			children = (
				455627631661BED000E1EF70 /* allergy_free_menu.png */,
				455627641661BED000E1EF70 /* full_menu.png */,
				45CF90CB160BEA95002EEC81 /* Default@2x.png */,
				45CF90C9160BEA8F002EEC81 /* Default.png */,
				45CF90C7160BEA72002EEC81 /* Icon114x114.png */,
				45CF90C5160BEA6B002EEC81 /* Icon57x57.png */,
				457C646B15C4C148002D5774 /* MainStoryboard.storyboard */,
			);
			name = Resources;
			sourceTree = "<group>";
		};
/* End PBXGroup section */

/* Begin PBXNativeTarget section */
		457C645415C4C148002D5774 /* HoldTheAllergen */ = {
			isa = PBXNativeTarget;
			buildConfigurationList = 457C647315C4C148002D5774 /* Build configuration list for PBXNativeTarget "HoldTheAllergen" */;
			buildPhases = (
				457C645115C4C148002D5774 /* Sources */,
				457C645215C4C148002D5774 /* Frameworks */,
				457C645315C4C148002D5774 /* Resources */,
			);
			buildRules = (
			);
			dependencies = (
			);
			name = HoldTheAllergen;
			productName = HoldTheAllergen;
			productReference = 457C645515C4C148002D5774 /* Hold the Allergen.app */;
			productType = "com.apple.product-type.application";
		};
/* End PBXNativeTarget section */

/* Begin PBXProject section */
		457C644C15C4C148002D5774 /* Project object */ = {
			isa = PBXProject;
			attributes = {
				LastUpgradeCheck = 0440;
				ORGANIZATIONNAME = lruckman;
			};
			buildConfigurationList = 457C644F15C4C148002D5774 /* Build configuration list for PBXProject "HoldTheAllergen" */;
			compatibilityVersion = "Xcode 3.2";
			developmentRegion = English;
			hasScannedForEncodings = 0;
			knownRegions = (
				en,
			);
			mainGroup = 457C644A15C4C148002D5774;
			productRefGroup = 457C645615C4C148002D5774 /* Products */;
			projectDirPath = "";
			projectRoot = "";
			targets = (
				457C645415C4C148002D5774 /* HoldTheAllergen */,
			);
		};
/* End PBXProject section */

/* Begin PBXResourcesBuildPhase section */
		457C645315C4C148002D5774 /* Resources */ = {
			isa = PBXResourcesBuildPhase;
			buildActionMask = 2147483647;
			files = (
				457C646415C4C148002D5774 /* InfoPlist.strings in Resources */,
				457C646D15C4C148002D5774 /* MainStoryboard.storyboard in Resources */,
				45CF90C6160BEA6C002EEC81 /* Icon57x57.png in Resources */,
				45CF90C8160BEA72002EEC81 /* Icon114x114.png in Resources */,
				45CF90CA160BEA8F002EEC81 /* Default.png in Resources */,
				45CF90CC160BEA95002EEC81 /* Default@2x.png in Resources */,
				455627651661BED000E1EF70 /* allergy_free_menu.png in Resources */,
				455627661661BED000E1EF70 /* full_menu.png in Resources */,
			);
			runOnlyForDeploymentPostprocessing = 0;
		};
/* End PBXResourcesBuildPhase section */

/* Begin PBXSourcesBuildPhase section */
		457C645115C4C148002D5774 /* Sources */ = {
			isa = PBXSourcesBuildPhase;
			buildActionMask = 2147483647;
			files = (
				457C646615C4C148002D5774 /* main.m in Sources */,
				457C646A15C4C148002D5774 /* AppDelegate.m in Sources */,
				457C648715C5000E002D5774 /* RootViewController.m in Sources */,
				457DFD6D15CE30DA006E1BAA /* NSArray+JsonCategories.m in Sources */,
				457DFD7415CEC8D6006E1BAA /* IconDownloader.m in Sources */,
				457DFD7815CED7CD006E1BAA /* Restaurant.m in Sources */,
				458018BD15D80BD500BBF449 /* RestaurantMenuViewController.m in Sources */,
				458018CC15D81D3600BBF449 /* RestaurantMenuItem.m in Sources */,
				45D8C5DD15D8794A003046F3 /* UIColor-Extended.m in Sources */,
				45D8C5E915E0A194003046F3 /* RestaurantMenuItemViewController.m in Sources */,
				45D8C5ED15E0A2DE003046F3 /* RestaurantMenuItemIngredient.m in Sources */,
				45EA430F15F41FEA00515571 /* AllergiesViewController.m in Sources */,
				45EA431315F4428C00515571 /* Allergen.m in Sources */,
			);
			runOnlyForDeploymentPostprocessing = 0;
		};
/* End PBXSourcesBuildPhase section */

/* Begin PBXVariantGroup section */
		457C646215C4C148002D5774 /* InfoPlist.strings */ = {
			isa = PBXVariantGroup;
			children = (
				457C646315C4C148002D5774 /* en */,
			);
			name = InfoPlist.strings;
			sourceTree = "<group>";
		};
		457C646B15C4C148002D5774 /* MainStoryboard.storyboard */ = {
			isa = PBXVariantGroup;
			children = (
				457C646C15C4C148002D5774 /* en */,
			);
			name = MainStoryboard.storyboard;
			sourceTree = "<group>";
		};
/* End PBXVariantGroup section */

/* Begin XCBuildConfiguration section */
		457C647115C4C148002D5774 /* Debug */ = {
			isa = XCBuildConfiguration;
			buildSettings = {
				ALWAYS_SEARCH_USER_PATHS = NO;
				ARCHS = "$(ARCHS_STANDARD_32_BIT)";
				CLANG_CXX_LANGUAGE_STANDARD = "gnu++0x";
				CLANG_ENABLE_OBJC_ARC = YES;
				CLANG_WARN__DUPLICATE_METHOD_MATCH = YES;
				"CODE_SIGN_IDENTITY[sdk=iphoneos*]" = "iPhone Developer";
				COPY_PHASE_STRIP = NO;
				GCC_C_LANGUAGE_STANDARD = gnu99;
				GCC_DYNAMIC_NO_PIC = NO;
				GCC_OPTIMIZATION_LEVEL = 0;
				GCC_PREPROCESSOR_DEFINITIONS = (
					"DEBUG=1",
					"$(inherited)",
				);
				GCC_SYMBOLS_PRIVATE_EXTERN = NO;
				GCC_VERSION = com.apple.compilers.llvm.clang.1_0;
				GCC_WARN_ABOUT_RETURN_TYPE = YES;
				GCC_WARN_UNINITIALIZED_AUTOS = YES;
				GCC_WARN_UNUSED_VARIABLE = YES;
				IPHONEOS_DEPLOYMENT_TARGET = 5.1;
				SDKROOT = iphoneos;
			};
			name = Debug;
		};
		457C647215C4C148002D5774 /* Release */ = {
			isa = XCBuildConfiguration;
			buildSettings = {
				ALWAYS_SEARCH_USER_PATHS = NO;
				ARCHS = "$(ARCHS_STANDARD_32_BIT)";
				CLANG_CXX_LANGUAGE_STANDARD = "gnu++0x";
				CLANG_ENABLE_OBJC_ARC = YES;
				CLANG_WARN__DUPLICATE_METHOD_MATCH = YES;
				"CODE_SIGN_IDENTITY[sdk=iphoneos*]" = "iPhone Developer";
				COPY_PHASE_STRIP = YES;
				GCC_C_LANGUAGE_STANDARD = gnu99;
				GCC_VERSION = com.apple.compilers.llvm.clang.1_0;
				GCC_WARN_ABOUT_RETURN_TYPE = YES;
				GCC_WARN_UNINITIALIZED_AUTOS = YES;
				GCC_WARN_UNUSED_VARIABLE = YES;
				IPHONEOS_DEPLOYMENT_TARGET = 5.1;
				OTHER_CFLAGS = "-DNS_BLOCK_ASSERTIONS=1";
				SDKROOT = iphoneos;
				VALIDATE_PRODUCT = YES;
			};
			name = Release;
		};
		457C647415C4C148002D5774 /* Debug */ = {
			isa = XCBuildConfiguration;
			buildSettings = {
				CLANG_ENABLE_OBJC_ARC = YES;
				"CODE_SIGN_IDENTITY[sdk=iphoneos*]" = "iPhone Developer";
				GCC_PRECOMPILE_PREFIX_HEADER = YES;
				GCC_PREFIX_HEADER = "HoldTheAllergen/HoldTheAllergen-Prefix.pch";
				INFOPLIST_FILE = "HoldTheAllergen/HoldTheAllergen-Info.plist";
				PRODUCT_NAME = "Hold the Allergen";
				"PROVISIONING_PROFILE[sdk=iphoneos*]" = "";
				WRAPPER_EXTENSION = app;
			};
			name = Debug;
		};
		457C647515C4C148002D5774 /* Release */ = {
			isa = XCBuildConfiguration;
			buildSettings = {
				CLANG_ENABLE_OBJC_ARC = YES;
				"CODE_SIGN_IDENTITY[sdk=iphoneos*]" = "iPhone Distribution";
				GCC_PRECOMPILE_PREFIX_HEADER = YES;
				GCC_PREFIX_HEADER = "HoldTheAllergen/HoldTheAllergen-Prefix.pch";
				INFOPLIST_FILE = "HoldTheAllergen/HoldTheAllergen-Info.plist";
				PRODUCT_NAME = "Hold the Allergen";
				"PROVISIONING_PROFILE[sdk=iphoneos*]" = "";
				WRAPPER_EXTENSION = app;
			};
			name = Release;
		};
/* End XCBuildConfiguration section */

/* Begin XCConfigurationList section */
		457C644F15C4C148002D5774 /* Build configuration list for PBXProject "HoldTheAllergen" */ = {
			isa = XCConfigurationList;
			buildConfigurations = (
				457C647115C4C148002D5774 /* Debug */,
				457C647215C4C148002D5774 /* Release */,
			);
			defaultConfigurationIsVisible = 0;
			defaultConfigurationName = Release;
		};
		457C647315C4C148002D5774 /* Build configuration list for PBXNativeTarget "HoldTheAllergen" */ = {
			isa = XCConfigurationList;
			buildConfigurations = (
				457C647415C4C148002D5774 /* Debug */,
				457C647515C4C148002D5774 /* Release */,
			);
			defaultConfigurationIsVisible = 0;
			defaultConfigurationName = Release;
		};
/* End XCConfigurationList section */
	};
	rootObject = 457C644C15C4C148002D5774 /* Project object */;
}
